// !$*UTF8*$!
{
	archiveVersion = 1;
	classes = {
	};
	objectVersion = 56;
	objects = {

/* Begin PBXBuildFile section */
		84CD67F12A2A6C7C00326358 /* main.cpp in Sources */ = {isa = PBXBuildFile; fileRef = 84CD67F02A2A6C7C00326358 /* main.cpp */; };
/* End PBXBuildFile section */

/* Begin PBXFileReference section */
		84CD67ED2A2A6C7C00326358 /* GINA */ = {isa = PBXFileReference; explicitFileType = "compiled.mach-o.executable"; includeInIndex = 0; path = GINA; sourceTree = BUILT_PRODUCTS_DIR; };
		84CD67F02A2A6C7C00326358 /* main.cpp */ = {isa = PBXFileReference; lastKnownFileType = sourcecode.cpp.cpp; path = main.cpp; sourceTree = "<group>"; };
		84CD67F32A2A6C7C00326358 /* cute_image.jpg */ = {isa = PBXFileReference; lastKnownFileType = image.jpeg; name = cute_image.jpg; path = ../cute_image.jpg; sourceTree = "<group>"; };
		84CD67F42A2A6C7C00326358 /* nice_music.ogg */ = {isa = PBXFileReference; lastKnownFileType = file; name = nice_music.ogg; path = ../nice_music.ogg; sourceTree = "<group>"; };
		84CD67F52A2A6C7C00326358 /* sansation.ttf */ = {isa = PBXFileReference; lastKnownFileType = file; name = sansation.ttf; path = ../sansation.ttf; sourceTree = "<group>"; };
		84CD67F62A2A6C7C00326358 /* icon.png */ = {isa = PBXFileReference; lastKnownFileType = image.png; name = icon.png; path = ../icon.png; sourceTree = "<group>"; };
/* End PBXFileReference section */

/* Begin PBXFrameworksBuildPhase section */
		84CD67EB2A2A6C7C00326358 /* Frameworks */ = {
			isa = PBXFrameworksBuildPhase;
			buildActionMask = 2147483647;
			files = (
			);
			runOnlyForDeploymentPostprocessing = 0;
		};
/* End PBXFrameworksBuildPhase section */

/* Begin PBXGroup section */
		84CD67E52A2A6C7C00326358 = {
			isa = PBXGroup;
			children = (
				84CD67EF2A2A6C7C00326358 /* GINA */,
				84CD67EE2A2A6C7C00326358 /* Products */,
			);
			sourceTree = "<group>";
		};
		84CD67EE2A2A6C7C00326358 /* Products */ = {
			isa = PBXGroup;
			children = (
				84CD67ED2A2A6C7C00326358 /* GINA */,
			);
			name = Products;
			sourceTree = "<group>";
		};
		84CD67EF2A2A6C7C00326358 /* GINA */ = {
			isa = PBXGroup;
			children = (
				84CD67F02A2A6C7C00326358 /* main.cpp */,
				84CD67F22A2A6C7C00326358 /* Resources */,
			);
			path = GINA;
			sourceTree = "<group>";
		};
		84CD67F22A2A6C7C00326358 /* Resources */ = {
			isa = PBXGroup;
			children = (
				84CD67F32A2A6C7C00326358 /* cute_image.jpg */,
				84CD67F42A2A6C7C00326358 /* nice_music.ogg */,
				84CD67F52A2A6C7C00326358 /* sansation.ttf */,
				84CD67F62A2A6C7C00326358 /* icon.png */,
			);
			path = Resources;
			sourceTree = "<group>";
		};
/* End PBXGroup section */

/* Begin PBXNativeTarget section */
		84CD67EC2A2A6C7C00326358 /* GINA */ = {
			isa = PBXNativeTarget;
			buildConfigurationList = 84CD67F92A2A6C7C00326358 /* Build configuration list for PBXNativeTarget "GINA" */;
			buildPhases = (
				84CD67EA2A2A6C7C00326358 /* Sources */,
				84CD67EB2A2A6C7C00326358 /* Frameworks */,
			);
			buildRules = (
			);
			dependencies = (
			);
			name = GINA;
			productName = GINA;
			productReference = 84CD67ED2A2A6C7C00326358 /* GINA */;
			productType = "com.apple.product-type.tool";
		};
/* End PBXNativeTarget section */

/* Begin PBXProject section */
		84CD67E62A2A6C7C00326358 /* Project object */ = {
			isa = PBXProject;
			attributes = {
				BuildIndependentTargetsInParallel = 1;
				LastUpgradeCheck = 1430;
				ORGANIZATIONNAME = "Regin Hurley David";
				TargetAttributes = {
					84CD67EC2A2A6C7C00326358 = {
						CreatedOnToolsVersion = 14.3.1;
					};
				};
			};
			buildConfigurationList = 84CD67E92A2A6C7C00326358 /* Build configuration list for PBXProject "GINA" */;
			compatibilityVersion = "Xcode 14.0";
			developmentRegion = en;
			hasScannedForEncodings = 0;
			knownRegions = (
				en,
				Base,
			);
			mainGroup = 84CD67E52A2A6C7C00326358;
			productRefGroup = 84CD67EE2A2A6C7C00326358 /* Products */;
			projectDirPath = "";
			projectRoot = "";
			targets = (
				84CD67EC2A2A6C7C00326358 /* GINA */,
			);
		};
/* End PBXProject section */

/* Begin PBXSourcesBuildPhase section */
		84CD67EA2A2A6C7C00326358 /* Sources */ = {
			isa = PBXSourcesBuildPhase;
			buildActionMask = 2147483647;
			files = (
				84CD67F12A2A6C7C00326358 /* main.cpp in Sources */,
			);
			runOnlyForDeploymentPostprocessing = 0;
		};
/* End PBXSourcesBuildPhase section */

/* Begin XCBuildConfiguration section */
		84CD67F72A2A6C7C00326358 /* Debug */ = {
			isa = XCBuildConfiguration;
			buildSettings = {
				ARCHS = "$(NATIVE_ARCH_ACTUAL)";
				CLANG_CXX_LANGUAGE_STANDARD = "c++11";
				CLANG_CXX_LIBRARY = "libc++";
				FRAMEWORK_SEARCH_PATHS = (
					/Library/Frameworks/,
					"$(inherited)",
				);
				GCC_VERSION = com.apple.compilers.llvm.clang.1_0;
				HEADER_SEARCH_PATHS = (
					/usr/local/include/,
					"$(inherited)",
				);
				LIBRARY_SEARCH_PATHS = (
					/usr/local/lib/,
					"$(inherited)",
				);
				MACOSX_DEPLOYMENT_TARGET = 10.7;
				OTHER_LDFLAGS = (
					"$(inherited)",
					"$(SFML_SYSTEM)",
					"$(SFML_WINDOW)",
					"$(SFML_GRAPHICS)",
					"$(SFML_AUDIO)",
					"$(SFML_NETWORK)",
				);
				SFML_AUDIO = "$(SFML_LINK_PREFIX) sfml-audio$(SFML_LINK_SUFFIX)";
				SFML_BINARY_TYPE = FRAMEWORKS;
				SFML_GRAPHICS = "$(SFML_LINK_PREFIX) sfml-graphics$(SFML_LINK_SUFFIX)";
				SFML_LINK_DYLIBS_PREFIX = "-l";
				SFML_LINK_DYLIBS_SUFFIX = "";
				SFML_LINK_FRAMEWORKS_PREFIX = "-framework";
				SFML_LINK_FRAMEWORKS_SUFFIX = "";
				SFML_LINK_PREFIX = "$(SFML_LINK_$(SFML_BINARY_TYPE)_PREFIX)";
				SFML_LINK_SUFFIX = "$(SFML_LINK_$(SFML_BINARY_TYPE)_SUFFIX)";
				SFML_NETWORK = "$(SFML_LINK_PREFIX) sfml-network$(SFML_LINK_SUFFIX)";
				SFML_SYSTEM = "$(SFML_LINK_PREFIX) sfml-system$(SFML_LINK_SUFFIX)";
				SFML_WINDOW = "$(SFML_LINK_PREFIX) sfml-window$(SFML_LINK_SUFFIX)";
				SUPPORTED_PLATFORMS = macosx;
			};
			name = Debug;
		};
		84CD67F82A2A6C7C00326358 /* Release */ = {
			isa = XCBuildConfiguration;
			buildSettings = {
				ARCHS = "$(NATIVE_ARCH_ACTUAL)";
				CLANG_CXX_LANGUAGE_STANDARD = "c++11";
				CLANG_CXX_LIBRARY = "libc++";
				FRAMEWORK_SEARCH_PATHS = (
					/Library/Frameworks/,
					"$(inherited)",
				);
				GCC_VERSION = com.apple.compilers.llvm.clang.1_0;
				HEADER_SEARCH_PATHS = (
					/usr/local/include/,
					"$(inherited)",
				);
				LIBRARY_SEARCH_PATHS = (
					/usr/local/lib/,
					"$(inherited)",
				);
				MACOSX_DEPLOYMENT_TARGET = 10.7;
				OTHER_LDFLAGS = (
					"$(inherited)",
					"$(SFML_SYSTEM)",
					"$(SFML_WINDOW)",
					"$(SFML_GRAPHICS)",
					"$(SFML_AUDIO)",
					"$(SFML_NETWORK)",
				);
				SFML_AUDIO = "$(SFML_LINK_PREFIX) sfml-audio$(SFML_LINK_SUFFIX)";
				SFML_BINARY_TYPE = FRAMEWORKS;
				SFML_GRAPHICS = "$(SFML_LINK_PREFIX) sfml-graphics$(SFML_LINK_SUFFIX)";
				SFML_LINK_DYLIBS_PREFIX = "-l";
				SFML_LINK_DYLIBS_SUFFIX = "";
				SFML_LINK_FRAMEWORKS_PREFIX = "-framework";
				SFML_LINK_FRAMEWORKS_SUFFIX = "";
				SFML_LINK_PREFIX = "$(SFML_LINK_$(SFML_BINARY_TYPE)_PREFIX)";
				SFML_LINK_SUFFIX = "$(SFML_LINK_$(SFML_BINARY_TYPE)_SUFFIX)";
				SFML_NETWORK = "$(SFML_LINK_PREFIX) sfml-network$(SFML_LINK_SUFFIX)";
				SFML_SYSTEM = "$(SFML_LINK_PREFIX) sfml-system$(SFML_LINK_SUFFIX)";
				SFML_WINDOW = "$(SFML_LINK_PREFIX) sfml-window$(SFML_LINK_SUFFIX)";
				SUPPORTED_PLATFORMS = macosx;
			};
			name = Release;
		};
		84CD67FA2A2A6C7C00326358 /* Debug */ = {
			isa = XCBuildConfiguration;
			buildSettings = {
				CODE_SIGN_STYLE = Automatic;
				DEVELOPMENT_TEAM = GL2LHGMWHV;
				ENABLE_HARDENED_RUNTIME = YES;
				PRODUCT_NAME = "$(TARGET_NAME)";
			};
			name = Debug;
		};
		84CD67FB2A2A6C7C00326358 /* Release */ = {
			isa = XCBuildConfiguration;
			buildSettings = {
				CODE_SIGN_STYLE = Automatic;
				DEVELOPMENT_TEAM = GL2LHGMWHV;
				ENABLE_HARDENED_RUNTIME = YES;
				PRODUCT_NAME = "$(TARGET_NAME)";
			};
			name = Release;
		};
/* End XCBuildConfiguration section */

/* Begin XCConfigurationList section */
		84CD67E92A2A6C7C00326358 /* Build configuration list for PBXProject "GINA" */ = {
			isa = XCConfigurationList;
			buildConfigurations = (
				84CD67F72A2A6C7C00326358 /* Debug */,
				84CD67F82A2A6C7C00326358 /* Release */,
			);
			defaultConfigurationIsVisible = 0;
			defaultConfigurationName = Release;
		};
		84CD67F92A2A6C7C00326358 /* Build configuration list for PBXNativeTarget "GINA" */ = {
			isa = XCConfigurationList;
			buildConfigurations = (
				84CD67FA2A2A6C7C00326358 /* Debug */,
				84CD67FB2A2A6C7C00326358 /* Release */,
			);
			defaultConfigurationIsVisible = 0;
			defaultConfigurationName = Release;
		};
/* End XCConfigurationList section */
	};
	rootObject = 84CD67E62A2A6C7C00326358 /* Project object */;
}
